
Microsoft Visual Studio Solution File, Format Version 12.00
# Visual Studio Version 17
VisualStudioVersion = 17.14.36127.28
MinimumVisualStudioVersion = 10.0.40219.1
Project("{8BC9CEB8-8B4A-11D0-8D11-00A0C91BC942}") = "20250731", "20250731\20250731.vcxproj", "{74516096-91BF-4993-98E6-C510A6D8E2C0}"
EndProject
Project("{8BC9CEB8-8B4A-11D0-8D11-00A0C91BC942}") = "Day2", "Day2\Day2.vcxproj", "{77FAB471-6982-407F-90AE-FC4A0433675E}"
EndProject
Project("{8BC9CEB8-8B4A-11D0-8D11-00A0C91BC942}") = "Day3", "Day3\Day3.vcxproj", "{11B7869F-6DE4-46E1-B887-740BFEB00C30}"
EndProject
Project("{8BC9CEB8-8B4A-11D0-8D11-00A0C91BC942}") = "Day4", "Day4\Day4.vcxproj", "{E7B631D6-3B66-47D2-BFCE-0881EE9C68AD}"
EndProject
Project("{8BC9CEB8-8B4A-11D0-8D11-00A0C91BC942}") = "Day5", "Day5\Day5.vcxproj", "{3C95C354-E216-4904-B959-C37F81A01A5B}"
EndProject
Project("{8BC9CEB8-8B4A-11D0-8D11-00A0C91BC942}") = "Day6", "Day6\Day6.vcxproj", "{7D43AB70-DBDF-4037-8D58-FED73AA051EF}"
EndProject
Project("{8BC9CEB8-8B4A-11D0-8D11-00A0C91BC942}") = "Day7", "Day7\Day7.vcxproj", "{AF667308-72A9-44B1-B228-AB1C3A4E71C6}"
EndProject
Global
	GlobalSection(SolutionConfigurationPlatforms) = preSolution
		Debug|x64 = Debug|x64
		Debug|x86 = Debug|x86
		Release|x64 = Release|x64
		Release|x86 = Release|x86
	EndGlobalSection
	GlobalSection(ProjectConfigurationPlatforms) = postSolution
		{74516096-91BF-4993-98E6-C510A6D8E2C0}.Debug|x64.ActiveCfg = Debug|x64
		{74516096-91BF-4993-98E6-C510A6D8E2C0}.Debug|x64.Build.0 = Debug|x64
		{74516096-91BF-4993-98E6-C510A6D8E2C0}.Debug|x86.ActiveCfg = Debug|Win32
		{74516096-91BF-4993-98E6-C510A6D8E2C0}.Debug|x86.Build.0 = Debug|Win32
		{74516096-91BF-4993-98E6-C510A6D8E2C0}.Release|x64.ActiveCfg = Release|x64
		{74516096-91BF-4993-98E6-C510A6D8E2C0}.Release|x64.Build.0 = Release|x64
		{74516096-91BF-4993-98E6-C510A6D8E2C0}.Release|x86.ActiveCfg = Release|Win32
		{74516096-91BF-4993-98E6-C510A6D8E2C0}.Release|x86.Build.0 = Release|Win32
		{77FAB471-6982-407F-90AE-FC4A0433675E}.Debug|x64.ActiveCfg = Debug|x64
		{77FAB471-6982-407F-90AE-FC4A0433675E}.Debug|x64.Build.0 = Debug|x64
		{77FAB471-6982-407F-90AE-FC4A0433675E}.Debug|x86.ActiveCfg = Debug|Win32
		{77FAB471-6982-407F-90AE-FC4A0433675E}.Debug|x86.Build.0 = Debug|Win32
		{77FAB471-6982-407F-90AE-FC4A0433675E}.Release|x64.ActiveCfg = Release|x64
		{77FAB471-6982-407F-90AE-FC4A0433675E}.Release|x64.Build.0 = Release|x64
		{77FAB471-6982-407F-90AE-FC4A0433675E}.Release|x86.ActiveCfg = Release|Win32
		{77FAB471-6982-407F-90AE-FC4A0433675E}.Release|x86.Build.0 = Release|Win32
		{11B7869F-6DE4-46E1-B887-740BFEB00C30}.Debug|x64.ActiveCfg = Debug|x64
		{11B7869F-6DE4-46E1-B887-740BFEB00C30}.Debug|x64.Build.0 = Debug|x64
		{11B7869F-6DE4-46E1-B887-740BFEB00C30}.Debug|x86.ActiveCfg = Debug|Win32
		{11B7869F-6DE4-46E1-B887-740BFEB00C30}.Debug|x86.Build.0 = Debug|Win32
		{11B7869F-6DE4-46E1-B887-740BFEB00C30}.Release|x64.ActiveCfg = Release|x64
		{11B7869F-6DE4-46E1-B887-740BFEB00C30}.Release|x64.Build.0 = Release|x64
		{11B7869F-6DE4-46E1-B887-740BFEB00C30}.Release|x86.ActiveCfg = Release|Win32
		{11B7869F-6DE4-46E1-B887-740BFEB00C30}.Release|x86.Build.0 = Release|Win32
		{E7B631D6-3B66-47D2-BFCE-0881EE9C68AD}.Debug|x64.ActiveCfg = Debug|x64
		{E7B631D6-3B66-47D2-BFCE-0881EE9C68AD}.Debug|x64.Build.0 = Debug|x64
		{E7B631D6-3B66-47D2-BFCE-0881EE9C68AD}.Debug|x86.ActiveCfg = Debug|Win32
		{E7B631D6-3B66-47D2-BFCE-0881EE9C68AD}.Debug|x86.Build.0 = Debug|Win32
		{E7B631D6-3B66-47D2-BFCE-0881EE9C68AD}.Release|x64.ActiveCfg = Release|x64
		{E7B631D6-3B66-47D2-BFCE-0881EE9C68AD}.Release|x64.Build.0 = Release|x64
		{E7B631D6-3B66-47D2-BFCE-0881EE9C68AD}.Release|x86.ActiveCfg = Release|Win32
		{E7B631D6-3B66-47D2-BFCE-0881EE9C68AD}.Release|x86.Build.0 = Release|Win32
		{3C95C354-E216-4904-B959-C37F81A01A5B}.Debug|x64.ActiveCfg = Debug|x64
		{3C95C354-E216-4904-B959-C37F81A01A5B}.Debug|x64.Build.0 = Debug|x64
		{3C95C354-E216-4904-B959-C37F81A01A5B}.Debug|x86.ActiveCfg = Debug|Win32
		{3C95C354-E216-4904-B959-C37F81A01A5B}.Debug|x86.Build.0 = Debug|Win32
		{3C95C354-E216-4904-B959-C37F81A01A5B}.Release|x64.ActiveCfg = Release|x64
		{3C95C354-E216-4904-B959-C37F81A01A5B}.Release|x64.Build.0 = Release|x64
		{3C95C354-E216-4904-B959-C37F81A01A5B}.Release|x86.ActiveCfg = Release|Win32
		{3C95C354-E216-4904-B959-C37F81A01A5B}.Release|x86.Build.0 = Release|Win32
		{7D43AB70-DBDF-4037-8D58-FED73AA051EF}.Debug|x64.ActiveCfg = Debug|x64
		{7D43AB70-DBDF-4037-8D58-FED73AA051EF}.Debug|x64.Build.0 = Debug|x64
		{7D43AB70-DBDF-4037-8D58-FED73AA051EF}.Debug|x86.ActiveCfg = Debug|Win32
		{7D43AB70-DBDF-4037-8D58-FED73AA051EF}.Debug|x86.Build.0 = Debug|Win32
		{7D43AB70-DBDF-4037-8D58-FED73AA051EF}.Release|x64.ActiveCfg = Release|x64
		{7D43AB70-DBDF-4037-8D58-FED73AA051EF}.Release|x64.Build.0 = Release|x64
		{7D43AB70-DBDF-4037-8D58-FED73AA051EF}.Release|x86.ActiveCfg = Release|Win32
		{7D43AB70-DBDF-4037-8D58-FED73AA051EF}.Release|x86.Build.0 = Release|Win32
		{AF667308-72A9-44B1-B228-AB1C3A4E71C6}.Debug|x64.ActiveCfg = Debug|x64
		{AF667308-72A9-44B1-B228-AB1C3A4E71C6}.Debug|x64.Build.0 = Debug|x64
		{AF667308-72A9-44B1-B228-AB1C3A4E71C6}.Debug|x86.ActiveCfg = Debug|Win32
		{AF667308-72A9-44B1-B228-AB1C3A4E71C6}.Debug|x86.Build.0 = Debug|Win32
		{AF667308-72A9-44B1-B228-AB1C3A4E71C6}.Release|x64.ActiveCfg = Release|x64
		{AF667308-72A9-44B1-B228-AB1C3A4E71C6}.Release|x64.Build.0 = Release|x64
		{AF667308-72A9-44B1-B228-AB1C3A4E71C6}.Release|x86.ActiveCfg = Release|Win32
		{AF667308-72A9-44B1-B228-AB1C3A4E71C6}.Release|x86.Build.0 = Release|Win32
	EndGlobalSection
	GlobalSection(SolutionProperties) = preSolution
		HideSolutionNode = FALSE
	EndGlobalSection
	GlobalSection(ExtensibilityGlobals) = postSolution
		SolutionGuid = {7C77B3D8-7201-47C8-9E0A-B8AE65A618D9}
	EndGlobalSection
EndGlobal
